lockfileVersion: '9.0'

settings:
  autoInstallPeers: true
  excludeLinksFromLockfile: false

importers:

  .:
    dependencies:
      '@opentui/core':
        specifier: ^0.1.75
        version: 0.1.75(stage-js@1.0.0-alpha.17)(typescript@5.9.3)(web-tree-sitter@0.25.10)
      bullmq:
        specifier: ^5.66.5
        version: 5.71.0
      dotenv:
        specifier: ^16.4.0
        version: 16.6.1
      ioredis:
        specifier: ^5.9.2
        version: 5.9.2
      zod:
        specifier: ^3.23.0
        version: 3.25.76
    devDependencies:
      '@types/bun':
        specifier: ^1.3.6
        version: 1.3.10
      '@types/node':
        specifier: ^22.0.0
        version: 22.19.7
      oxfmt:
        specifier: ^0.27.0
        version: 0.27.0
      oxlint:
        specifier: ^1.42.0
        version: 1.55.0
      typescript:
        specifier: ^5.7.0
        version: 5.9.3

packages:

  '@dimforge/rapier2d-simd-compat@0.17.3':
    resolution: {integrity: sha512-bijvwWz6NHsNj5e5i1vtd3dU2pDhthSaTUZSh14DUGGKJfw8eMnlWZsxwHBxB/a3AXVNDjL9abuHw1k9FGR+jg==}

  '@ioredis/commands@1.5.0':
    resolution: {integrity: sha512-eUgLqrMf8nJkZxT24JvVRrQya1vZkQh8BBeYNwGDqa5I0VUi8ACx7uFvAaLxintokpTenkK6DASvo/bvNbBGow==}

  '@jimp/core@1.6.0':
    resolution: {integrity: sha512-EQQlKU3s9QfdJqiSrZWNTxBs3rKXgO2W+GxNXDtwchF3a4IqxDheFX1ti+Env9hdJXDiYLp2jTRjlxhPthsk8w==}
    engines: {node: '>=18'}

  '@jimp/diff@1.6.0':
    resolution: {integrity: sha512-+yUAQ5gvRC5D1WHYxjBHZI7JBRusGGSLf8AmPRPCenTzh4PA+wZ1xv2+cYqQwTfQHU5tXYOhA0xDytfHUf1Zyw==}
    engines: {node: '>=18'}

  '@jimp/file-ops@1.6.0':
    resolution: {integrity: sha512-Dx/bVDmgnRe1AlniRpCKrGRm5YvGmUwbDzt+MAkgmLGf+jvBT75hmMEZ003n9HQI/aPnm/YKnXjg/hOpzNCpHQ==}
    engines: {node: '>=18'}

  '@jimp/js-bmp@1.6.0':
    resolution: {integrity: sha512-FU6Q5PC/e3yzLyBDXupR3SnL3htU7S3KEs4e6rjDP6gNEOXRFsWs6YD3hXuXd50jd8ummy+q2WSwuGkr8wi+Gw==}
    engines: {node: '>=18'}

  '@jimp/js-gif@1.6.0':
    resolution: {integrity: sha512-N9CZPHOrJTsAUoWkWZstLPpwT5AwJ0wge+47+ix3++SdSL/H2QzyMqxbcDYNFe4MoI5MIhATfb0/dl/wmX221g==}
    engines: {node: '>=18'}

  '@jimp/js-jpeg@1.6.0':
    resolution: {integrity: sha512-6vgFDqeusblf5Pok6B2DUiMXplH8RhIKAryj1yn+007SIAQ0khM1Uptxmpku/0MfbClx2r7pnJv9gWpAEJdMVA==}
    engines: {node: '>=18'}

  '@jimp/js-png@1.6.0':
    resolution: {integrity: sha512-AbQHScy3hDDgMRNfG0tPjL88AV6qKAILGReIa3ATpW5QFjBKpisvUaOqhzJ7Reic1oawx3Riyv152gaPfqsBVg==}
    engines: {node: '>=18'}

  '@jimp/js-tiff@1.6.0':
    resolution: {integrity: sha512-zhReR8/7KO+adijj3h0ZQUOiun3mXUv79zYEAKvE0O+rP7EhgtKvWJOZfRzdZSNv0Pu1rKtgM72qgtwe2tFvyw==}
    engines: {node: '>=18'}

  '@jimp/plugin-blit@1.6.0':
    resolution: {integrity: sha512-M+uRWl1csi7qilnSK8uxK4RJMSuVeBiO1AY0+7APnfUbQNZm6hCe0CCFv1Iyw1D/Dhb8ph8fQgm5mwM0eSxgVA==}
    engines: {node: '>=18'}

  '@jimp/plugin-blur@1.6.0':
    resolution: {integrity: sha512-zrM7iic1OTwUCb0g/rN5y+UnmdEsT3IfuCXCJJNs8SZzP0MkZ1eTvuwK9ZidCuMo4+J3xkzCidRwYXB5CyGZTw==}
    engines: {node: '>=18'}

  '@jimp/plugin-circle@1.6.0':
    resolution: {integrity: sha512-xt1Gp+LtdMKAXfDp3HNaG30SPZW6AQ7dtAtTnoRKorRi+5yCJjKqXRgkewS5bvj8DEh87Ko1ydJfzqS3P2tdWw==}
    engines: {node: '>=18'}

  '@jimp/plugin-color@1.6.0':
    resolution: {integrity: sha512-J5q8IVCpkBsxIXM+45XOXTrsyfblyMZg3a9eAo0P7VPH4+CrvyNQwaYatbAIamSIN1YzxmO3DkIZXzRjFSz1SA==}
    engines: {node: '>=18'}

  '@jimp/plugin-contain@1.6.0':
    resolution: {integrity: sha512-oN/n+Vdq/Qg9bB4yOBOxtY9IPAtEfES8J1n9Ddx+XhGBYT1/QTU/JYkGaAkIGoPnyYvmLEDqMz2SGihqlpqfzQ==}
    engines: {node: '>=18'}

  '@jimp/plugin-cover@1.6.0':
    resolution: {integrity: sha512-Iow0h6yqSC269YUJ8HC3Q/MpCi2V55sMlbkkTTx4zPvd8mWZlC0ykrNDeAy9IJegrQ7v5E99rJwmQu25lygKLA==}
    engines: {node: '>=18'}

  '@jimp/plugin-crop@1.6.0':
    resolution: {integrity: sha512-KqZkEhvs+21USdySCUDI+GFa393eDIzbi1smBqkUPTE+pRwSWMAf01D5OC3ZWB+xZsNla93BDS9iCkLHA8wang==}
    engines: {node: '>=18'}

  '@jimp/plugin-displace@1.6.0':
    resolution: {integrity: sha512-4Y10X9qwr5F+Bo5ME356XSACEF55485j5nGdiyJ9hYzjQP9nGgxNJaZ4SAOqpd+k5sFaIeD7SQ0Occ26uIng5Q==}
    engines: {node: '>=18'}

  '@jimp/plugin-dither@1.6.0':
    resolution: {integrity: sha512-600d1RxY0pKwgyU0tgMahLNKsqEcxGdbgXadCiVCoGd6V6glyCvkNrnnwC0n5aJ56Htkj88PToSdF88tNVZEEQ==}
    engines: {node: '>=18'}

  '@jimp/plugin-fisheye@1.6.0':
    resolution: {integrity: sha512-E5QHKWSCBFtpgZarlmN3Q6+rTQxjirFqo44ohoTjzYVrDI6B6beXNnPIThJgPr0Y9GwfzgyarKvQuQuqCnnfbA==}
    engines: {node: '>=18'}

  '@jimp/plugin-flip@1.6.0':
    resolution: {integrity: sha512-/+rJVDuBIVOgwoyVkBjUFHtP+wmW0r+r5OQ2GpatQofToPVbJw1DdYWXlwviSx7hvixTWLKVgRWQ5Dw862emDg==}
    engines: {node: '>=18'}

  '@jimp/plugin-hash@1.6.0':
    resolution: {integrity: sha512-wWzl0kTpDJgYVbZdajTf+4NBSKvmI3bRI8q6EH9CVeIHps9VWVsUvEyb7rpbcwVLWYuzDtP2R0lTT6WeBNQH9Q==}
    engines: {node: '>=18'}

  '@jimp/plugin-mask@1.6.0':
    resolution: {integrity: sha512-Cwy7ExSJMZszvkad8NV8o/Z92X2kFUFM8mcDAhNVxU0Q6tA0op2UKRJY51eoK8r6eds/qak3FQkXakvNabdLnA==}
    engines: {node: '>=18'}

  '@jimp/plugin-print@1.6.0':
    resolution: {integrity: sha512-zarTIJi8fjoGMSI/M3Xh5yY9T65p03XJmPsuNet19K/Q7mwRU6EV2pfj+28++2PV2NJ+htDF5uecAlnGyxFN2A==}
    engines: {node: '>=18'}

  '@jimp/plugin-quantize@1.6.0':
    resolution: {integrity: sha512-EmzZ/s9StYQwbpG6rUGBCisc3f64JIhSH+ncTJd+iFGtGo0YvSeMdAd+zqgiHpfZoOL54dNavZNjF4otK+mvlg==}
    engines: {node: '>=18'}

  '@jimp/plugin-resize@1.6.0':
    resolution: {integrity: sha512-uSUD1mqXN9i1SGSz5ov3keRZ7S9L32/mAQG08wUwZiEi5FpbV0K8A8l1zkazAIZi9IJzLlTauRNU41Mi8IF9fA==}
    engines: {node: '>=18'}

  '@jimp/plugin-rotate@1.6.0':
    resolution: {integrity: sha512-JagdjBLnUZGSG4xjCLkIpQOZZ3Mjbg8aGCCi4G69qR+OjNpOeGI7N2EQlfK/WE8BEHOW5vdjSyglNqcYbQBWRw==}
    engines: {node: '>=18'}

  '@jimp/plugin-threshold@1.6.0':
    resolution: {integrity: sha512-M59m5dzLoHOVWdM41O8z9SyySzcDn43xHseOH0HavjsfQsT56GGCC4QzU1banJidbUrePhzoEdS42uFE8Fei8w==}
    engines: {node: '>=18'}

  '@jimp/types@1.6.0':
    resolution: {integrity: sha512-7UfRsiKo5GZTAATxm2qQ7jqmUXP0DxTArztllTcYdyw6Xi5oT4RaoXynVtCD4UyLK5gJgkZJcwonoijrhYFKfg==}
    engines: {node: '>=18'}

  '@jimp/utils@1.6.0':
    resolution: {integrity: sha512-gqFTGEosKbOkYF/WFj26jMHOI5OH2jeP1MmC/zbK6BF6VJBf8rIC5898dPfSzZEbSA0wbbV5slbntWVc5PKLFA==}
    engines: {node: '>=18'}

  '@msgpackr-extract/msgpackr-extract-darwin-arm64@3.0.3':
    resolution: {integrity: sha512-QZHtlVgbAdy2zAqNA9Gu1UpIuI8Xvsd1v8ic6B2pZmeFnFcMWiPLfWXh7TVw4eGEZ/C9TH281KwhVoeQUKbyjw==}
    cpu: [arm64]
    os: [darwin]

  '@msgpackr-extract/msgpackr-extract-darwin-x64@3.0.3':
    resolution: {integrity: sha512-mdzd3AVzYKuUmiWOQ8GNhl64/IoFGol569zNRdkLReh6LRLHOXxU4U8eq0JwaD8iFHdVGqSy4IjFL4reoWCDFw==}
    cpu: [x64]
    os: [darwin]

  '@msgpackr-extract/msgpackr-extract-linux-arm64@3.0.3':
    resolution: {integrity: sha512-YxQL+ax0XqBJDZiKimS2XQaf+2wDGVa1enVRGzEvLLVFeqa5kx2bWbtcSXgsxjQB7nRqqIGFIcLteF/sHeVtQg==}
    cpu: [arm64]
    os: [linux]

  '@msgpackr-extract/msgpackr-extract-linux-arm@3.0.3':
    resolution: {integrity: sha512-fg0uy/dG/nZEXfYilKoRe7yALaNmHoYeIoJuJ7KJ+YyU2bvY8vPv27f7UKhGRpY6euFYqEVhxCFZgAUNQBM3nw==}
    cpu: [arm]
    os: [linux]

  '@msgpackr-extract/msgpackr-extract-linux-x64@3.0.3':
    resolution: {integrity: sha512-cvwNfbP07pKUfq1uH+S6KJ7dT9K8WOE4ZiAcsrSes+UY55E/0jLYc+vq+DO7jlmqRb5zAggExKm0H7O/CBaesg==}
    cpu: [x64]
    os: [linux]

  '@msgpackr-extract/msgpackr-extract-win32-x64@3.0.3':
    resolution: {integrity: sha512-x0fWaQtYp4E6sktbsdAqnehxDgEc/VwM7uLsRCYWaiGu0ykYdZPiS8zCWdnjHwyiumousxfBm4SO31eXqwEZhQ==}
    cpu: [x64]
    os: [win32]

  '@opentui/core-darwin-arm64@0.1.75':
    resolution: {integrity: sha512-gGaGZjkFpqcXJk6321JzhRl66pM2VxBlI470L8W4DQUW4S6iDT1R9L7awSzGB4Cn9toUl7DTV8BemaXZYXV4SA==}
    cpu: [arm64]
    os: [darwin]

  '@opentui/core-darwin-x64@0.1.75':
    resolution: {integrity: sha512-tPlvqQI0whZ76amHydpJs5kN+QeWAIcFbI8RAtlAo9baj2EbxTDC+JGwgb9Fnt0/YQx831humbtaNDhV2Jt1bw==}
    cpu: [x64]
    os: [darwin]

  '@opentui/core-linux-arm64@0.1.75':
    resolution: {integrity: sha512-nVxIQ4Hqf84uBergDpWiVzU6pzpjy6tqBHRQpySxZ2flkJ/U6/aMEizVrQ1jcgIdxZtvqWDETZhzxhG0yDx+cw==}
    cpu: [arm64]
    os: [linux]

  '@opentui/core-linux-x64@0.1.75':
    resolution: {integrity: sha512-1CnApef4kxA+ORyLfbuCLgZfEjp4wr3HjFnt7FAfOb73kIZH82cb7JYixeqRyy9eOcKfKqxLmBYy3o8IDkc4Rg==}
    cpu: [x64]
    os: [linux]

  '@opentui/core-win32-arm64@0.1.75':
    resolution: {integrity: sha512-j0UB95nmkYGNzmOrs6GqaddO1S90R0YC6IhbKnbKBdjchFPNVLz9JpexAs6MBDXPZwdKAywMxtwG2h3aTJtxng==}
    cpu: [arm64]
    os: [win32]

  '@opentui/core-win32-x64@0.1.75':
    resolution: {integrity: sha512-ESpVZVGewe3JkB2TwrG3VRbkxT909iPdtvgNT7xTCIYH2VB4jqZomJfvERPTE0tvqAZJm19mHECzJFI8asSJgQ==}
    cpu: [x64]
    os: [win32]

  '@opentui/core@0.1.75':
    resolution: {integrity: sha512-8ARRZxSG+BXkJmEVtM2DQ4se7DAF1ZCKD07d+AklgTr2mxCzmdxxPbOwRzboSQ6FM7qGuTVPVbV4O2W9DpUmoA==}
    peerDependencies:
      web-tree-sitter: 0.25.10

  '@oxfmt/darwin-arm64@0.27.0':
    resolution: {integrity: sha512-3vwqyzNlVTVFVzHMlrqxb4tgVgHp6FYS0uIxsIZ/SeEDG0azaqiOw/2t8LlJ9f72PKRLWSey+Ak99tiKgpbsnQ==}
    cpu: [arm64]
    os: [darwin]

  '@oxfmt/darwin-x64@0.27.0':
    resolution: {integrity: sha512-5u8mZVLm70v6l1wLZ2MmeNIEzGsruwKw5F7duePzpakPfxGtLpiFNUwe4aBUJULTP6aMzH+A4dA0JOn8lb7Luw==}
    cpu: [x64]
    os: [darwin]

  '@oxfmt/linux-arm64-gnu@0.27.0':
    resolution: {integrity: sha512-aql/LLYriX/5Ar7o5Qivnp/qMTUPNiOCr7cFLvmvzYZa3XL0H8XtbKUfIVm+9ILR0urXQzcml+L8pLe1p8sgEg==}
    cpu: [arm64]
    os: [linux]

  '@oxfmt/linux-arm64-musl@0.27.0':
    resolution: {integrity: sha512-6u/kNb7hubthg4u/pn3MK/GJLwPgjDvDDnjjr7TC0/OK/xztef8ToXmycxIQ9OeDNIJJf7Z0Ss/rHnKvQOWzRw==}
    cpu: [arm64]
    os: [linux]

  '@oxfmt/linux-x64-gnu@0.27.0':
    resolution: {integrity: sha512-EhvDfFHO1yrK/Cu75eU1U828lBsW2cV0JITOrka5AjR3PlmnQQ03Mr9ROkWkbPmzAMklXI4Q16eO+4n+7FhS1w==}
    cpu: [x64]
    os: [linux]

  '@oxfmt/linux-x64-musl@0.27.0':
    resolution: {integrity: sha512-1pgjuwMT5sCekuteYZ7LkDsto7DJouaccwjozHqdWohSj2zJpFeSP2rMaC+6JJ1KD5r9HG9sWRuHZGEaoX9uOw==}
    cpu: [x64]
    os: [linux]

  '@oxfmt/win32-arm64@0.27.0':
    resolution: {integrity: sha512-mmuEhXZEhAYAeyjVTWwGKIA3RSb2b/He9wrXkDJPhmqp8qISUzkVg1dQmLEt4hD+wI5rzR+6vchPt521tzuRDA==}
    cpu: [arm64]
    os: [win32]

  '@oxfmt/win32-x64@0.27.0':
    resolution: {integrity: sha512-cXKVkL1DuRq31QjwHqtBEUztyBmM9YZKdeFhsDLBURNdk1CFW42uWsmTsaqrXSoiCj7nCjfP0pwTOzxhQZra/A==}
    cpu: [x64]
    os: [win32]

  '@oxlint/binding-android-arm-eabi@1.55.0':
    resolution: {integrity: sha512-NhvgAhncTSOhRahQSCnkK/4YIGPjTmhPurQQ2dwt2IvwCMTvZRW5vF2K10UBOxFve4GZDMw6LtXZdC2qeuYIVQ==}
    engines: {node: ^20.19.0 || >=22.12.0}
    cpu: [arm]
    os: [android]

  '@oxlint/binding-android-arm64@1.55.0':
    resolution: {integrity: sha512-P9iWRh+Ugqhg+D7rkc7boHX8o3H2h7YPcZHQIgvVBgnua5tk4LR2L+IBlreZs58/95cd2x3/004p5VsQM9z4SA==}
    engines: {node: ^20.19.0 || >=22.12.0}
    cpu: [arm64]
    os: [android]

  '@oxlint/binding-darwin-arm64@1.55.0':
    resolution: {integrity: sha512-esakkJIt7WFAhT30P/Qzn96ehFpzdZ1mNuzpOb8SCW7lI4oB8VsyQnkSHREM671jfpuBb/o2ppzBCx5l0jpgMA==}
    engines: {node: ^20.19.0 || >=22.12.0}
    cpu: [arm64]
    os: [darwin]

  '@oxlint/binding-darwin-x64@1.55.0':
    resolution: {integrity: sha512-xDMFRCCAEK9fOH6As2z8ELsC+VDGSFRHwIKVSilw+xhgLwTDFu37rtmRbmUlx8rRGS6cWKQPTc47AVxAZEVVPQ==}
    engines: {node: ^20.19.0 || >=22.12.0}
    cpu: [x64]
    os: [darwin]

  '@oxlint/binding-freebsd-x64@1.55.0':
    resolution: {integrity: sha512-mYZqnwUD7ALCRxGenyLd1uuG+rHCL+OTT6S8FcAbVm/ZT2AZMGjvibp3F6k1SKOb2aeqFATmwRykrE41Q0GWVw==}
    engines: {node: ^20.19.0 || >=22.12.0}
    cpu: [x64]
    os: [freebsd]

  '@oxlint/binding-linux-arm-gnueabihf@1.55.0':
    resolution: {integrity: sha512-LcX6RYcF9vL9ESGwJW3yyIZ/d/ouzdOKXxCdey1q0XJOW1asrHsIg5MmyKdEBR4plQx+shvYeQne7AzW5f3T1w==}
    engines: {node: ^20.19.0 || >=22.12.0}
    cpu: [arm]
    os: [linux]

  '@oxlint/binding-linux-arm-musleabihf@1.55.0':
    resolution: {integrity: sha512-C+8GS1rPtK+dI7mJFkqoRBkDuqbrNihnyYQsJPS9ez+8zF9JzfvU19lawqt4l/Y23o5uQswE/DORa8aiXUih3w==}
    engines: {node: ^20.19.0 || >=22.12.0}
    cpu: [arm]
    os: [linux]

  '@oxlint/binding-linux-arm64-gnu@1.55.0':
    resolution: {integrity: sha512-ErLE4XbmcCopA4/CIDiH6J1IAaDOMnf/KSx/aFObs4/OjAAM3sFKWGZ57pNOMxhhyBdcmcXwYymph9GwcpcqgQ==}
    engines: {node: ^20.19.0 || >=22.12.0}
    cpu: [arm64]
    os: [linux]

  '@oxlint/binding-linux-arm64-musl@1.55.0':
    resolution: {integrity: sha512-/kp65avi6zZfqEng56TTuhiy3P/3pgklKIdf38yvYeJ9/PgEeRA2A2AqKAKbZBNAqUzrzHhz9jF6j/PZvhJzTQ==}
    engines: {node: ^20.19.0 || >=22.12.0}
    cpu: [arm64]
    os: [linux]

  '@oxlint/binding-linux-ppc64-gnu@1.55.0':
    resolution: {integrity: sha512-A6pTdXwcEEwL/nmz0eUJ6WxmxcoIS+97GbH96gikAyre3s5deC7sts38ZVVowjS2QQFuSWkpA4ZmQC0jZSNvJQ==}
    engines: {node: ^20.19.0 || >=22.12.0}
    cpu: [ppc64]
    os: [linux]

  '@oxlint/binding-linux-riscv64-gnu@1.55.0':
    resolution: {integrity: sha512-clj0lnIN+V52G9tdtZl0LbdTSurnZ1NZj92Je5X4lC7gP5jiCSW+Y/oiDiSauBAD4wrHt2S7nN3pA0zfKYK/6Q==}
    engines: {node: ^20.19.0 || >=22.12.0}
    cpu: [riscv64]
    os: [linux]

  '@oxlint/binding-linux-riscv64-musl@1.55.0':
    resolution: {integrity: sha512-NNu08pllN5x/O94/sgR3DA8lbrGBnTHsINZZR0hcav1sj79ksTiKKm1mRzvZvacwQ0hUnGinFo+JO75ok2PxYg==}
    engines: {node: ^20.19.0 || >=22.12.0}
    cpu: [riscv64]
    os: [linux]

  '@oxlint/binding-linux-s390x-gnu@1.55.0':
    resolution: {integrity: sha512-BvfQz3PRlWZRoEZ17dZCqgQsMRdpzGZomJkVATwCIGhHVVeHJMQdmdXPSjcT1DCNUrOjXnVyj1RGDj5+/Je2+Q==}
    engines: {node: ^20.19.0 || >=22.12.0}
    cpu: [s390x]
    os: [linux]

  '@oxlint/binding-linux-x64-gnu@1.55.0':
    resolution: {integrity: sha512-ngSOoFCSBMKVQd24H8zkbcBNc7EHhjnF1sv3mC9NNXQ/4rRjI/4Dj9+9XoDZeFEkF1SX1COSBXF1b2Pr9rqdEw==}
    engines: {node: ^20.19.0 || >=22.12.0}
    cpu: [x64]
    os: [linux]

  '@oxlint/binding-linux-x64-musl@1.55.0':
    resolution: {integrity: sha512-BDpP7W8GlaG7BR6QjGZAleYzxoyKc/D24spZIF2mB3XsfALQJJT/OBmP8YpeTb1rveFSBHzl8T7l0aqwkWNdGA==}
    engines: {node: ^20.19.0 || >=22.12.0}
    cpu: [x64]
    os: [linux]

  '@oxlint/binding-openharmony-arm64@1.55.0':
    resolution: {integrity: sha512-PS6GFvmde/pc3fCA2Srt51glr8Lcxhpf6WIBFfLphndjRrD34NEcses4TSxQrEcxYo6qVywGfylM0ZhSCF2gGA==}
    engines: {node: ^20.19.0 || >=22.12.0}
    cpu: [arm64]
    os: [openharmony]

  '@oxlint/binding-win32-arm64-msvc@1.55.0':
    resolution: {integrity: sha512-P6JcLJGs/q1UOvDLzN8otd9JsH4tsuuPDv+p7aHqHM3PrKmYdmUvkNj4K327PTd35AYcznOCN+l4ZOaq76QzSw==}
    engines: {node: ^20.19.0 || >=22.12.0}
    cpu: [arm64]
    os: [win32]

  '@oxlint/binding-win32-ia32-msvc@1.55.0':
    resolution: {integrity: sha512-gzkk4zE2zsE+WmRxFOiAZHpCpUNDFytEakqNXoNHW+PnYEOTPKDdW6nrzgSeTbGKVPXNAKQnRnMgrh7+n3Xueg==}
    engines: {node: ^20.19.0 || >=22.12.0}
    cpu: [ia32]
    os: [win32]

  '@oxlint/binding-win32-x64-msvc@1.55.0':
    resolution: {integrity: sha512-ZFALNow2/og75gvYzNP7qe+rREQ5xunktwA+lgykoozHZ6hw9bqg4fn5j2UvG4gIn1FXqrZHkOAXuPf5+GOYTQ==}
    engines: {node: ^20.19.0 || >=22.12.0}
    cpu: [x64]
    os: [win32]

  '@tokenizer/token@0.3.0':
    resolution: {integrity: sha512-OvjF+z51L3ov0OyAU0duzsYuvO01PH7x4t6DJx+guahgTnBHkhJdG7soQeTSFLWN3efnHyibZ4Z8l2EuWwJN3A==}

  '@types/bun@1.3.10':
    resolution: {integrity: sha512-0+rlrUrOrTSskibryHbvQkDOWRJwJZqZlxrUs1u4oOoTln8+WIXBPmAuCF35SWB2z4Zl3E84Nl/D0P7803nigQ==}

  '@types/node@16.9.1':
    resolution: {integrity: sha512-QpLcX9ZSsq3YYUUnD3nFDY8H7wctAhQj/TFKL8Ya8v5fMm3CFXxo8zStsLAl780ltoYoo1WvKUVGBQK+1ifr7g==}

  '@types/node@22.19.7':
    resolution: {integrity: sha512-MciR4AKGHWl7xwxkBa6xUGxQJ4VBOmPTF7sL+iGzuahOFaO0jHCsuEfS80pan1ef4gWId1oWOweIhrDEYLuaOw==}

  '@webgpu/types@0.1.69':
    resolution: {integrity: sha512-RPmm6kgRbI8e98zSD3RVACvnuktIja5+yLgDAkTmxLr90BEwdTXRQWNLF3ETTTyH/8mKhznZuN5AveXYFEsMGQ==}

  abort-controller@3.0.0:
    resolution: {integrity: sha512-h8lQ8tacZYnR3vNQTgibj+tODHI5/+l06Au2Pcriv/Gmet0eaj4TwWH41sO9wnHDiQsEj19q0drzdWdeAHtweg==}
    engines: {node: '>=6.5'}

  any-base@1.1.0:
    resolution: {integrity: sha512-uMgjozySS8adZZYePpaWs8cxB9/kdzmpX6SgJZ+wbz1K5eYk5QMYDVJaZKhxyIHUdnnJkfR7SVgStgH7LkGUyg==}

  await-to-js@3.0.0:
    resolution: {integrity: sha512-zJAaP9zxTcvTHRlejau3ZOY4V7SRpiByf3/dxx2uyKxxor19tpmpV2QRsTKikckwhaPmr2dVpxxMr7jOCYVp5g==}
    engines: {node: '>=6.0.0'}

  base64-js@1.5.1:
    resolution: {integrity: sha512-AKpaYlHn8t4SVbOHCy+b5+KKgvR4vrsD8vbvrbiQJps7fKDTkjkDry6ji0rUJjC0kzbNePLwzxq8iypo41qeWA==}

  bmp-ts@1.0.9:
    resolution: {integrity: sha512-cTEHk2jLrPyi+12M3dhpEbnnPOsaZuq7C45ylbbQIiWgDFZq4UVYPEY5mlqjvsj/6gJv9qX5sa+ebDzLXT28Vw==}

  buffer@6.0.3:
    resolution: {integrity: sha512-FTiCpNxtwiZZHEZbcbTIcZjERVICn9yq/pDFkTl95/AxzD1naBctN7YO68riM/gLSDY7sdrMby8hofADYuuqOA==}

  bullmq@5.71.0:
    resolution: {integrity: sha512-aeNWh4drsafSKnAJeiNH/nZP/5O8ZdtdMbnOPZmpjXj7NZUP5YC901U3bIH41iZValm7d1i3c34ojv7q31m30w==}

  bun-ffi-structs@0.1.2:
    resolution: {integrity: sha512-Lh1oQAYHDcnesJauieA4UNkWGXY9hYck7OA5IaRwE3Bp6K2F2pJSNYqq+hIy7P3uOvo3km3oxS8304g5gDMl/w==}
    peerDependencies:
      typescript: ^5

  bun-types@1.3.10:
    resolution: {integrity: sha512-tcpfCCl6XWo6nCVnpcVrxQ+9AYN1iqMIzgrSKYMB/fjLtV2eyAVEg7AxQJuCq/26R6HpKWykQXuSOq/21RYcbg==}

  bun-webgpu-darwin-arm64@0.1.4:
    resolution: {integrity: sha512-eDgLN9teKTfmvrCqgwwmWNsNszxYs7IZdCqk0S1DCarvMhr4wcajoSBlA/nQA0/owwLduPTS8xxCnQp4/N/gDg==}
    cpu: [arm64]
    os: [darwin]

  bun-webgpu-darwin-x64@0.1.4:
    resolution: {integrity: sha512-X+PjwJUWenUmdQBP8EtdItMyieQ6Nlpn+BH518oaouDiSnWj5+b0Y7DNDZJq7Ezom4EaxmqL/uGYZK3aCQ7CXg==}
    cpu: [x64]
    os: [darwin]

  bun-webgpu-linux-x64@0.1.4:
    resolution: {integrity: sha512-zMLs2YIGB+/jxrYFXaFhVKX/GBt05UTF45lc9srcHc9JXGjEj+12CIo1CHLTAWatXMTqt0Jsu6ukWEoWVT/ayA==}
    cpu: [x64]
    os: [linux]

  bun-webgpu-win32-x64@0.1.4:
    resolution: {integrity: sha512-Z5yAK28xrcm8Wb5k7TZ8FJKpOI/r+aVCRdlHYAqI2SDJFN3nD4mJs900X6kNVmG/xFzb5yOuKVYWGg+6ZXWbyA==}
    cpu: [x64]
    os: [win32]

  bun-webgpu@0.1.4:
    resolution: {integrity: sha512-Kw+HoXl1PMWJTh9wvh63SSRofTA8vYBFCw0XEP1V1fFdQEDhI8Sgf73sdndE/oDpN/7CMx0Yv/q8FCvO39ROMQ==}

  cluster-key-slot@1.1.2:
    resolution: {integrity: sha512-RMr0FhtfXemyinomL4hrWcYJxmX6deFdCxpJzhDttxgO1+bcCnkk+9drydLVDmAMG7NE6aN/fl4F7ucU/90gAA==}
    engines: {node: '>=0.10.0'}

  cron-parser@4.9.0:
    resolution: {integrity: sha512-p0SaNjrHOnQeR8/VnfGbmg9te2kfyYSQ7Sc/j/6DtPL3JQvKxmjO9TSjNFpujqV3vEYYBvNNvXSxzyksBWAx1Q==}
    engines: {node: '>=12.0.0'}

  debug@4.4.3:
    resolution: {integrity: sha512-RGwwWnwQvkVfavKVt22FGLw+xYSdzARwm0ru6DhTVA3umU5hZc28V3kO4stgYryrTlLpuvgI9GiijltAjNbcqA==}
    engines: {node: '>=6.0'}
    peerDependencies:
      supports-color: '*'
    peerDependenciesMeta:
      supports-color:
        optional: true

  denque@2.1.0:
    resolution: {integrity: sha512-HVQE3AAb/pxF8fQAoiqpvg9i3evqug3hoiwakOyZAwJm+6vZehbkYXZ0l4JxS+I3QxM97v5aaRNhj8v5oBhekw==}
    engines: {node: '>=0.10'}

  detect-libc@2.1.2:
    resolution: {integrity: sha512-Btj2BOOO83o3WyH59e8MgXsxEQVcarkUOpEYrubB0urwnN10yQ364rsiByU11nZlqWYZm05i/of7io4mzihBtQ==}
    engines: {node: '>=8'}

  diff@8.0.2:
    resolution: {integrity: sha512-sSuxWU5j5SR9QQji/o2qMvqRNYRDOcBTgsJ/DeCf4iSN4gW+gNMXM7wFIP+fdXZxoNiAnHUTGjCr+TSWXdRDKg==}
    engines: {node: '>=0.3.1'}

  dotenv@16.6.1:
    resolution: {integrity: sha512-uBq4egWHTcTt33a72vpSG0z3HnPuIl6NqYcTrKEg2azoEyl2hpW0zqlxysq2pK9HlDIHyHyakeYaYnSAwd8bow==}
    engines: {node: '>=12'}

  event-target-shim@5.0.1:
    resolution: {integrity: sha512-i/2XbnSz/uxRCU6+NdVJgKWDTM427+MqYbkQzD321DuCQJUqOuJKIA0IM2+W2xtYHdKOmZ4dR6fExsd4SXL+WQ==}
    engines: {node: '>=6'}

  events@3.3.0:
    resolution: {integrity: sha512-mQw+2fkQbALzQ7V0MY0IqdnXNOeTtP4r0lN9z7AAawCXgqea7bDii20AYrIBrFd/Hx0M2Ocz6S111CaFkUcb0Q==}
    engines: {node: '>=0.8.x'}

  exif-parser@0.1.12:
    resolution: {integrity: sha512-c2bQfLNbMzLPmzQuOr8fy0csy84WmwnER81W88DzTp9CYNPJ6yzOj2EZAh9pywYpqHnshVLHQJ8WzldAyfY+Iw==}

  file-type@16.5.4:
    resolution: {integrity: sha512-/yFHK0aGjFEgDJjEKP0pWCplsPFPhwyfwevf/pVxiN0tmE4L9LmwWxWukdJSHdoCli4VgQLehjJtwQBnqmsKcw==}
    engines: {node: '>=10'}

  gifwrap@0.10.1:
    resolution: {integrity: sha512-2760b1vpJHNmLzZ/ubTtNnEx5WApN/PYWJvXvgS+tL1egTTthayFYIQQNi136FLEDcN/IyEY2EcGpIITD6eYUw==}

  ieee754@1.2.1:
    resolution: {integrity: sha512-dcyqhDvX1C46lXZcVqCpK+FtMRQVdIMN6/Df5js2zouUsqG7I6sFxitIC+7KYK29KdXOLHdu9zL4sFnoVQnqaA==}

  image-q@4.0.0:
    resolution: {integrity: sha512-PfJGVgIfKQJuq3s0tTDOKtztksibuUEbJQIYT3by6wctQo+Rdlh7ef4evJ5NCdxY4CfMbvFkocEwbl4BF8RlJw==}

  ioredis@5.9.2:
    resolution: {integrity: sha512-tAAg/72/VxOUW7RQSX1pIxJVucYKcjFjfvj60L57jrZpYCHC3XN0WCQ3sNYL4Gmvv+7GPvTAjc+KSdeNuE8oWQ==}
    engines: {node: '>=12.22.0'}

  ioredis@5.9.3:
    resolution: {integrity: sha512-VI5tMCdeoxZWU5vjHWsiE/Su76JGhBvWF1MJnV9ZtGltHk9BmD48oDq8Tj8haZ85aceXZMxLNDQZRVo5QKNgXA==}
    engines: {node: '>=12.22.0'}

  jimp@1.6.0:
    resolution: {integrity: sha512-YcwCHw1kiqEeI5xRpDlPPBGL2EOpBKLwO4yIBJcXWHPj5PnA5urGq0jbyhM5KoNpypQ6VboSoxc9D8HyfvngSg==}
    engines: {node: '>=18'}

  jpeg-js@0.4.4:
    resolution: {integrity: sha512-WZzeDOEtTOBK4Mdsar0IqEU5sMr3vSV2RqkAIzUEV2BHnUfKGyswWFPFwK5EeDo93K3FohSHbLAjj0s1Wzd+dg==}

  lodash.defaults@4.2.0:
    resolution: {integrity: sha512-qjxPLHd3r5DnsdGacqOMU6pb/avJzdh9tFX2ymgoZE27BmjXrNy/y4LoaiTeAb+O3gL8AfpJGtqfX/ae2leYYQ==}

  lodash.isarguments@3.1.0:
    resolution: {integrity: sha512-chi4NHZlZqZD18a0imDHnZPrDeBbTtVN7GXMwuGdRH9qotxAjYs3aVLKc7zNOG9eddR5Ksd8rvFEBc9SsggPpg==}

  luxon@3.7.2:
    resolution: {integrity: sha512-vtEhXh/gNjI9Yg1u4jX/0YVPMvxzHuGgCm6tC5kZyb08yjGWGnqAjGJvcXbqQR2P3MyMEFnRbpcdFS6PBcLqew==}
    engines: {node: '>=12'}

  marked@17.0.1:
    resolution: {integrity: sha512-boeBdiS0ghpWcSwoNm/jJBwdpFaMnZWRzjA6SkUMYb40SVaN1x7mmfGKp0jvexGcx+7y2La5zRZsYFZI6Qpypg==}
    engines: {node: '>= 20'}
    hasBin: true

  mime@3.0.0:
    resolution: {integrity: sha512-jSCU7/VB1loIWBZe14aEYHU/+1UMEHoaO7qxCOVJOw9GgH72VAWppxNcjU+x9a2k3GSIBXNKxXQFqRvvZ7vr3A==}
    engines: {node: '>=10.0.0'}
    hasBin: true

  ms@2.1.3:
    resolution: {integrity: sha512-6FlzubTLZG3J2a/NVCAleEhjzq5oxgHyaCU9yYXvcLsvoVaHJq/s5xXI6/XXP6tz7R9xAOtHnSO/tXtF3WRTlA==}

  msgpackr-extract@3.0.3:
    resolution: {integrity: sha512-P0efT1C9jIdVRefqjzOQ9Xml57zpOXnIuS+csaB4MdZbTdmGDLo8XhzBG1N7aO11gKDDkJvBLULeFTo46wwreA==}
    hasBin: true

  msgpackr@1.11.5:
    resolution: {integrity: sha512-UjkUHN0yqp9RWKy0Lplhh+wlpdt9oQBYgULZOiFhV3VclSF1JnSQWZ5r9gORQlNYaUKQoR8itv7g7z1xDDuACA==}

  node-abort-controller@3.1.1:
    resolution: {integrity: sha512-AGK2yQKIjRuqnc6VkX2Xj5d+QW8xZ87pa1UK6yA6ouUyuxfHuMP6umE5QK7UmTeOAymo+Zx1Fxiuw9rVx8taHQ==}

  node-gyp-build-optional-packages@5.2.2:
    resolution: {integrity: sha512-s+w+rBWnpTMwSFbaE0UXsRlg7hU4FjekKU4eyAih5T8nJuNZT1nNsskXpxmeqSK9UzkBl6UgRlnKc8hz8IEqOw==}
    hasBin: true

  omggif@1.0.10:
    resolution: {integrity: sha512-LMJTtvgc/nugXj0Vcrrs68Mn2D1r0zf630VNtqtpI1FEO7e+O9FP4gqs9AcnBaSEeoHIPm28u6qgPR0oyEpGSw==}

  oxfmt@0.27.0:
    resolution: {integrity: sha512-FHR0HR3WeMKBuVEQvW3EeiRZXs/cQzNHxGbhCoAIEPr1FVcOa9GCqrKJXPqv2jkzmCg6Wqot+DvN9RzemyFJhw==}
    engines: {node: ^20.19.0 || >=22.12.0}
    hasBin: true

  oxlint@1.55.0:
    resolution: {integrity: sha512-T+FjepiyWpaZMhekqRpH8Z3I4vNM610p6w+Vjfqgj5TZUxHXl7N8N5IPvmOU8U4XdTRxqtNNTh9Y4hLtr7yvFg==}
    engines: {node: ^20.19.0 || >=22.12.0}
    hasBin: true
    peerDependencies:
      oxlint-tsgolint: '>=0.15.0'
    peerDependenciesMeta:
      oxlint-tsgolint:
        optional: true

  pako@1.0.11:
    resolution: {integrity: sha512-4hLB8Py4zZce5s4yd9XzopqwVv/yGNhV1Bl8NTmCq1763HeK2+EwVTv+leGeL13Dnh2wfbqowVPXCIO0z4taYw==}

  parse-bmfont-ascii@1.0.6:
    resolution: {integrity: sha512-U4RrVsUFCleIOBsIGYOMKjn9PavsGOXxbvYGtMOEfnId0SVNsgehXh1DxUdVPLoxd5mvcEtvmKs2Mmf0Mpa1ZA==}

  parse-bmfont-binary@1.0.6:
    resolution: {integrity: sha512-GxmsRea0wdGdYthjuUeWTMWPqm2+FAd4GI8vCvhgJsFnoGhTrLhXDDupwTo7rXVAgaLIGoVHDZS9p/5XbSqeWA==}

  parse-bmfont-xml@1.1.6:
    resolution: {integrity: sha512-0cEliVMZEhrFDwMh4SxIyVJpqYoOWDJ9P895tFuS+XuNzI5UBmBk5U5O4KuJdTnZpSBI4LFA2+ZiJaiwfSwlMA==}

  peek-readable@4.1.0:
    resolution: {integrity: sha512-ZI3LnwUv5nOGbQzD9c2iDG6toheuXSZP5esSHBjopsXH4dg19soufvpUGA3uohi5anFtGb2lhAVdHzH6R/Evvg==}
    engines: {node: '>=8'}

  pixelmatch@5.3.0:
    resolution: {integrity: sha512-o8mkY4E/+LNUf6LzX96ht6k6CEDi65k9G2rjMtBe9Oo+VPKSvl+0GKHuH/AlG+GA5LPG/i5hrekkxUc3s2HU+Q==}
    hasBin: true

  planck@1.4.2:
    resolution: {integrity: sha512-mNbhnV3g8X2rwGxzcesjmN8BDA6qfXgQxXVMkWau9MCRlQY0RLNEkyHlVp6yFy/X6qrzAXyNONCnZ1cGDLrNew==}
    engines: {node: '>=14.0'}
    peerDependencies:
      stage-js: ^1.0.0-alpha.12

  pngjs@6.0.0:
    resolution: {integrity: sha512-TRzzuFRRmEoSW/p1KVAmiOgPco2Irlah+bGFCeNfJXxxYGwSw7YwAOAcd7X28K/m5bjBWKsC29KyoMfHbypayg==}
    engines: {node: '>=12.13.0'}

  pngjs@7.0.0:
    resolution: {integrity: sha512-LKWqWJRhstyYo9pGvgor/ivk2w94eSjE3RGVuzLGlr3NmD8bf7RcYGze1mNdEHRP6TRP6rMuDHk5t44hnTRyow==}
    engines: {node: '>=14.19.0'}

  process@0.11.10:
    resolution: {integrity: sha512-cdGef/drWFoydD1JsMzuFf8100nZl+GT+yacc2bEced5f9Rjk4z+WtFUTBu9PhOi9j/jfmBPu0mMEY4wIdAF8A==}
    engines: {node: '>= 0.6.0'}

  readable-stream@4.7.0:
    resolution: {integrity: sha512-oIGGmcpTLwPga8Bn6/Z75SVaH1z5dUut2ibSyAMVhmUggWpmDn2dapB0n7f8nwaSiRtepAsfJyfXIO5DCVAODg==}
    engines: {node: ^12.22.0 || ^14.17.0 || >=16.0.0}

  readable-web-to-node-stream@3.0.4:
    resolution: {integrity: sha512-9nX56alTf5bwXQ3ZDipHJhusu9NTQJ/CVPtb/XHAJCXihZeitfJvIRS4GqQ/mfIoOE3IelHMrpayVrosdHBuLw==}
    engines: {node: '>=8'}

  redis-errors@1.2.0:
    resolution: {integrity: sha512-1qny3OExCf0UvUV/5wpYKf2YwPcOqXzkwKKSmKHiE6ZMQs5heeE/c8eXK+PNllPvmjgAbfnsbpkGZWy8cBpn9w==}
    engines: {node: '>=4'}

  redis-parser@3.0.0:
    resolution: {integrity: sha512-DJnGAeenTdpMEH6uAJRK/uiyEIH9WVsUmoLwzudwGJUwZPp80PDBWPHXSAGNPwNvIXAbe7MSUB1zQFugFml66A==}
    engines: {node: '>=4'}

  safe-buffer@5.2.1:
    resolution: {integrity: sha512-rp3So07KcdmmKbGvgaNxQSJr7bGVSVk5S9Eq1F+ppbRo70+YeaDxkw5Dd8NPN+GD6bjnYm2VuPuCXmpuYvmCXQ==}

  sax@1.4.4:
    resolution: {integrity: sha512-1n3r/tGXO6b6VXMdFT54SHzT9ytu9yr7TaELowdYpMqY/Ao7EnlQGmAQ1+RatX7Tkkdm6hONI2owqNx2aZj5Sw==}
    engines: {node: '>=11.0.0'}

  semver@7.7.4:
    resolution: {integrity: sha512-vFKC2IEtQnVhpT78h1Yp8wzwrf8CM+MzKMHGJZfBtzhZNycRFnXsHk6E5TxIkkMsgNS7mdX3AGB7x2QM2di4lA==}
    engines: {node: '>=10'}
    hasBin: true

  simple-xml-to-json@1.2.3:
    resolution: {integrity: sha512-kWJDCr9EWtZ+/EYYM5MareWj2cRnZGF93YDNpH4jQiHB+hBIZnfPFSQiVMzZOdk+zXWqTZ/9fTeQNu2DqeiudA==}
    engines: {node: '>=20.12.2'}

  stage-js@1.0.0-alpha.17:
    resolution: {integrity: sha512-AzlMO+t51v6cFvKZ+Oe9DJnL1OXEH5s9bEy6di5aOrUpcP7PCzI/wIeXF0u3zg0L89gwnceoKxrLId0ZpYnNXw==}
    engines: {node: '>=18.0'}

  standard-as-callback@2.1.0:
    resolution: {integrity: sha512-qoRRSyROncaz1z0mvYqIE4lCd9p2R90i6GxW3uZv5ucSu8tU7B5HXUP1gG8pVZsYNVaXjk8ClXHPttLyxAL48A==}

  string_decoder@1.3.0:
    resolution: {integrity: sha512-hkRX8U1WjJFd8LsDJ2yQ/wWWxaopEsABU1XfkM8A+j0+85JAGppt16cr1Whg6KIbb4okU6Mql6BOj+uup/wKeA==}

  strtok3@6.3.0:
    resolution: {integrity: sha512-fZtbhtvI9I48xDSywd/somNqgUHl2L2cstmXCCif0itOf96jeW18MBSyrLuNicYQVkvpOxkZtkzujiTJ9LW5Jw==}
    engines: {node: '>=10'}

  three@0.177.0:
    resolution: {integrity: sha512-EiXv5/qWAaGI+Vz2A+JfavwYCMdGjxVsrn3oBwllUoqYeaBO75J63ZfyaQKoiLrqNHoTlUc6PFgMXnS0kI45zg==}

  tinycolor2@1.6.0:
    resolution: {integrity: sha512-XPaBkWQJdsf3pLKJV9p4qN/S+fm2Oj8AIPo1BTUhg5oxkvm9+SVEGFdhyOz7tTdUTfvxMiAs4sp6/eZO2Ew+pw==}

  tinypool@2.0.0:
    resolution: {integrity: sha512-/RX9RzeH2xU5ADE7n2Ykvmi9ED3FBGPAjw9u3zucrNNaEBIO0HPSYgL0NT7+3p147ojeSdaVu08F6hjpv31HJg==}
    engines: {node: ^20.0.0 || >=22.0.0}

  token-types@4.2.1:
    resolution: {integrity: sha512-6udB24Q737UD/SDsKAHI9FCRP7Bqc9D/MQUV02ORQg5iskjtLJlZJNdN4kKtcdtwCeWIwIHDGaUsTsCCAa8sFQ==}
    engines: {node: '>=10'}

  tslib@2.8.1:
    resolution: {integrity: sha512-oJFu94HQb+KVduSUQL7wnpmqnfmLsOA/nAh6b6EH0wCEoK0/mPeXU6c3wKDV83MkOuHPRHtSXKKU99IBazS/2w==}

  typescript@5.9.3:
    resolution: {integrity: sha512-jl1vZzPDinLr9eUt3J/t7V6FgNEw9QjvBPdysz9KfQDD41fQrC2Y4vKQdiaUpFT4bXlb1RHhLpp8wtm6M5TgSw==}
    engines: {node: '>=14.17'}
    hasBin: true

  undici-types@6.21.0:
    resolution: {integrity: sha512-iwDZqg0QAGrg9Rav5H4n0M64c3mkR59cJ6wQp+7C4nI0gsmExaedaYLNO44eT4AtBBwjbTiGPMlt2Md0T9H9JQ==}

  utif2@4.1.0:
    resolution: {integrity: sha512-+oknB9FHrJ7oW7A2WZYajOcv4FcDR4CfoGB0dPNfxbi4GO05RRnFmt5oa23+9w32EanrYcSJWspUiJkLMs+37w==}

  uuid@11.1.0:
    resolution: {integrity: sha512-0/A9rDy9P7cJ+8w1c9WD9V//9Wj15Ce2MPz8Ri6032usz+NfePxx5AcN3bN+r6ZL6jEo066/yNYB3tn4pQEx+A==}
    hasBin: true

  web-tree-sitter@0.25.10:
    resolution: {integrity: sha512-Y09sF44/13XvgVKgO2cNDw5rGk6s26MgoZPXLESvMXeefBf7i6/73eFurre0IsTW6E14Y0ArIzhUMmjoc7xyzA==}
    peerDependencies:
      '@types/emscripten': ^1.40.0
    peerDependenciesMeta:
      '@types/emscripten':
        optional: true

  xml-parse-from-string@1.0.1:
    resolution: {integrity: sha512-ErcKwJTF54uRzzNMXq2X5sMIy88zJvfN2DmdoQvy7PAFJ+tPRU6ydWuOKNMyfmOjdyBQTFREi60s0Y0SyI0G0g==}

  xml2js@0.5.0:
    resolution: {integrity: sha512-drPFnkQJik/O+uPKpqSgr22mpuFHqKdbS835iAQrUC73L2F5WkboIRd63ai/2Yg6I1jzifPFKH2NTK+cfglkIA==}
    engines: {node: '>=4.0.0'}

  xmlbuilder@11.0.1:
    resolution: {integrity: sha512-fDlsI/kFEx7gLvbecc0/ohLG50fugQp8ryHzMTuW9vSa1GJ0XYWKnhsUx7oie3G98+r56aTQIUB4kht42R3JvA==}
    engines: {node: '>=4.0'}

  yoga-layout@3.2.1:
    resolution: {integrity: sha512-0LPOt3AxKqMdFBZA3HBAt/t/8vIKq7VaQYbuA8WxCgung+p9TVyKRYdpvCb80HcdTN2NkbIKbhNwKUfm3tQywQ==}

  zod@3.25.76:
    resolution: {integrity: sha512-gzUt/qt81nXsFGKIFcC3YnfEAx5NkunCfnDlvuBSSFS02bcXu4Lmea0AFIUwbLWxWPx3d9p8S5QoaujKcNQxcQ==}

snapshots:

  '@dimforge/rapier2d-simd-compat@0.17.3':
    optional: true

  '@ioredis/commands@1.5.0': {}

  '@jimp/core@1.6.0':
    dependencies:
      '@jimp/file-ops': 1.6.0
      '@jimp/types': 1.6.0
      '@jimp/utils': 1.6.0
      await-to-js: 3.0.0
      exif-parser: 0.1.12
      file-type: 16.5.4
      mime: 3.0.0

  '@jimp/diff@1.6.0':
    dependencies:
      '@jimp/plugin-resize': 1.6.0
      '@jimp/types': 1.6.0
      '@jimp/utils': 1.6.0
      pixelmatch: 5.3.0

  '@jimp/file-ops@1.6.0': {}

  '@jimp/js-bmp@1.6.0':
    dependencies:
      '@jimp/core': 1.6.0
      '@jimp/types': 1.6.0
      '@jimp/utils': 1.6.0
      bmp-ts: 1.0.9

  '@jimp/js-gif@1.6.0':
    dependencies:
      '@jimp/core': 1.6.0
      '@jimp/types': 1.6.0
      gifwrap: 0.10.1
      omggif: 1.0.10

  '@jimp/js-jpeg@1.6.0':
    dependencies:
      '@jimp/core': 1.6.0
      '@jimp/types': 1.6.0
      jpeg-js: 0.4.4

  '@jimp/js-png@1.6.0':
    dependencies:
      '@jimp/core': 1.6.0
      '@jimp/types': 1.6.0
      pngjs: 7.0.0

  '@jimp/js-tiff@1.6.0':
    dependencies:
      '@jimp/core': 1.6.0
      '@jimp/types': 1.6.0
      utif2: 4.1.0

  '@jimp/plugin-blit@1.6.0':
    dependencies:
      '@jimp/types': 1.6.0
      '@jimp/utils': 1.6.0
      zod: 3.25.76

  '@jimp/plugin-blur@1.6.0':
    dependencies:
      '@jimp/core': 1.6.0
      '@jimp/utils': 1.6.0

  '@jimp/plugin-circle@1.6.0':
    dependencies:
      '@jimp/types': 1.6.0
      zod: 3.25.76

  '@jimp/plugin-color@1.6.0':
    dependencies:
      '@jimp/core': 1.6.0
      '@jimp/types': 1.6.0
      '@jimp/utils': 1.6.0
      tinycolor2: 1.6.0
      zod: 3.25.76

  '@jimp/plugin-contain@1.6.0':
    dependencies:
      '@jimp/core': 1.6.0
      '@jimp/plugin-blit': 1.6.0
      '@jimp/plugin-resize': 1.6.0
      '@jimp/types': 1.6.0
      '@jimp/utils': 1.6.0
      zod: 3.25.76

  '@jimp/plugin-cover@1.6.0':
    dependencies:
      '@jimp/core': 1.6.0
      '@jimp/plugin-crop': 1.6.0
      '@jimp/plugin-resize': 1.6.0
      '@jimp/types': 1.6.0
      zod: 3.25.76

  '@jimp/plugin-crop@1.6.0':
    dependencies:
      '@jimp/core': 1.6.0
      '@jimp/types': 1.6.0
      '@jimp/utils': 1.6.0
      zod: 3.25.76

  '@jimp/plugin-displace@1.6.0':
    dependencies:
      '@jimp/types': 1.6.0
      '@jimp/utils': 1.6.0
      zod: 3.25.76

  '@jimp/plugin-dither@1.6.0':
    dependencies:
      '@jimp/types': 1.6.0

  '@jimp/plugin-fisheye@1.6.0':
    dependencies:
      '@jimp/types': 1.6.0
      '@jimp/utils': 1.6.0
      zod: 3.25.76

  '@jimp/plugin-flip@1.6.0':
    dependencies:
      '@jimp/types': 1.6.0
      zod: 3.25.76

  '@jimp/plugin-hash@1.6.0':
    dependencies:
      '@jimp/core': 1.6.0
      '@jimp/js-bmp': 1.6.0
      '@jimp/js-jpeg': 1.6.0
      '@jimp/js-png': 1.6.0
      '@jimp/js-tiff': 1.6.0
      '@jimp/plugin-color': 1.6.0
      '@jimp/plugin-resize': 1.6.0
      '@jimp/types': 1.6.0
      '@jimp/utils': 1.6.0
      any-base: 1.1.0

  '@jimp/plugin-mask@1.6.0':
    dependencies:
      '@jimp/types': 1.6.0
      zod: 3.25.76

  '@jimp/plugin-print@1.6.0':
    dependencies:
      '@jimp/core': 1.6.0
      '@jimp/js-jpeg': 1.6.0
      '@jimp/js-png': 1.6.0
      '@jimp/plugin-blit': 1.6.0
      '@jimp/types': 1.6.0
      parse-bmfont-ascii: 1.0.6
      parse-bmfont-binary: 1.0.6
      parse-bmfont-xml: 1.1.6
      simple-xml-to-json: 1.2.3
      zod: 3.25.76

  '@jimp/plugin-quantize@1.6.0':
    dependencies:
      image-q: 4.0.0
      zod: 3.25.76

  '@jimp/plugin-resize@1.6.0':
    dependencies:
      '@jimp/core': 1.6.0
      '@jimp/types': 1.6.0
      zod: 3.25.76

  '@jimp/plugin-rotate@1.6.0':
    dependencies:
      '@jimp/core': 1.6.0
      '@jimp/plugin-crop': 1.6.0
      '@jimp/plugin-resize': 1.6.0
      '@jimp/types': 1.6.0
      '@jimp/utils': 1.6.0
      zod: 3.25.76

  '@jimp/plugin-threshold@1.6.0':
    dependencies:
      '@jimp/core': 1.6.0
      '@jimp/plugin-color': 1.6.0
      '@jimp/plugin-hash': 1.6.0
      '@jimp/types': 1.6.0
      '@jimp/utils': 1.6.0
      zod: 3.25.76

  '@jimp/types@1.6.0':
    dependencies:
      zod: 3.25.76

  '@jimp/utils@1.6.0':
    dependencies:
      '@jimp/types': 1.6.0
      tinycolor2: 1.6.0

  '@msgpackr-extract/msgpackr-extract-darwin-arm64@3.0.3':
    optional: true

  '@msgpackr-extract/msgpackr-extract-darwin-x64@3.0.3':
    optional: true

  '@msgpackr-extract/msgpackr-extract-linux-arm64@3.0.3':
    optional: true

  '@msgpackr-extract/msgpackr-extract-linux-arm@3.0.3':
    optional: true

  '@msgpackr-extract/msgpackr-extract-linux-x64@3.0.3':
    optional: true

  '@msgpackr-extract/msgpackr-extract-win32-x64@3.0.3':
    optional: true

  '@opentui/core-darwin-arm64@0.1.75':
    optional: true

  '@opentui/core-darwin-x64@0.1.75':
    optional: true

  '@opentui/core-linux-arm64@0.1.75':
    optional: true

  '@opentui/core-linux-x64@0.1.75':
    optional: true

  '@opentui/core-win32-arm64@0.1.75':
    optional: true

  '@opentui/core-win32-x64@0.1.75':
    optional: true

  '@opentui/core@0.1.75(stage-js@1.0.0-alpha.17)(typescript@5.9.3)(web-tree-sitter@0.25.10)':
    dependencies:
      bun-ffi-structs: 0.1.2(typescript@5.9.3)
      diff: 8.0.2
      jimp: 1.6.0
      marked: 17.0.1
      web-tree-sitter: 0.25.10
      yoga-layout: 3.2.1
    optionalDependencies:
      '@dimforge/rapier2d-simd-compat': 0.17.3
      '@opentui/core-darwin-arm64': 0.1.75
      '@opentui/core-darwin-x64': 0.1.75
      '@opentui/core-linux-arm64': 0.1.75
      '@opentui/core-linux-x64': 0.1.75
      '@opentui/core-win32-arm64': 0.1.75
      '@opentui/core-win32-x64': 0.1.75
      bun-webgpu: 0.1.4
      planck: 1.4.2(stage-js@1.0.0-alpha.17)
      three: 0.177.0
    transitivePeerDependencies:
      - stage-js
      - typescript

  '@oxfmt/darwin-arm64@0.27.0':
    optional: true

  '@oxfmt/darwin-x64@0.27.0':
    optional: true

  '@oxfmt/linux-arm64-gnu@0.27.0':
    optional: true

  '@oxfmt/linux-arm64-musl@0.27.0':
    optional: true

  '@oxfmt/linux-x64-gnu@0.27.0':
    optional: true

  '@oxfmt/linux-x64-musl@0.27.0':
    optional: true

  '@oxfmt/win32-arm64@0.27.0':
    optional: true

  '@oxfmt/win32-x64@0.27.0':
    optional: true

  '@oxlint/binding-android-arm-eabi@1.55.0':
    optional: true

  '@oxlint/binding-android-arm64@1.55.0':
    optional: true

  '@oxlint/binding-darwin-arm64@1.55.0':
    optional: true

  '@oxlint/binding-darwin-x64@1.55.0':
    optional: true

  '@oxlint/binding-freebsd-x64@1.55.0':
    optional: true

  '@oxlint/binding-linux-arm-gnueabihf@1.55.0':
    optional: true

  '@oxlint/binding-linux-arm-musleabihf@1.55.0':
    optional: true

  '@oxlint/binding-linux-arm64-gnu@1.55.0':
    optional: true

  '@oxlint/binding-linux-arm64-musl@1.55.0':
    optional: true

  '@oxlint/binding-linux-ppc64-gnu@1.55.0':
    optional: true

  '@oxlint/binding-linux-riscv64-gnu@1.55.0':
    optional: true

  '@oxlint/binding-linux-riscv64-musl@1.55.0':
    optional: true

  '@oxlint/binding-linux-s390x-gnu@1.55.0':
    optional: true

  '@oxlint/binding-linux-x64-gnu@1.55.0':
    optional: true

  '@oxlint/binding-linux-x64-musl@1.55.0':
    optional: true

  '@oxlint/binding-openharmony-arm64@1.55.0':
    optional: true

  '@oxlint/binding-win32-arm64-msvc@1.55.0':
    optional: true

  '@oxlint/binding-win32-ia32-msvc@1.55.0':
    optional: true

  '@oxlint/binding-win32-x64-msvc@1.55.0':
    optional: true

  '@tokenizer/token@0.3.0': {}

  '@types/bun@1.3.10':
    dependencies:
      bun-types: 1.3.10

  '@types/node@16.9.1': {}

  '@types/node@22.19.7':
    dependencies:
      undici-types: 6.21.0

  '@webgpu/types@0.1.69':
    optional: true

  abort-controller@3.0.0:
    dependencies:
      event-target-shim: 5.0.1

  any-base@1.1.0: {}

  await-to-js@3.0.0: {}

  base64-js@1.5.1: {}

  bmp-ts@1.0.9: {}

  buffer@6.0.3:
    dependencies:
      base64-js: 1.5.1
      ieee754: 1.2.1

  bullmq@5.71.0:
    dependencies:
      cron-parser: 4.9.0
      ioredis: 5.9.3
      msgpackr: 1.11.5
      node-abort-controller: 3.1.1
      semver: 7.7.4
      tslib: 2.8.1
      uuid: 11.1.0
    transitivePeerDependencies:
      - supports-color

  bun-ffi-structs@0.1.2(typescript@5.9.3):
    dependencies:
      typescript: 5.9.3

  bun-types@1.3.10:
    dependencies:
      '@types/node': 22.19.7

  bun-webgpu-darwin-arm64@0.1.4:
    optional: true

  bun-webgpu-darwin-x64@0.1.4:
    optional: true

  bun-webgpu-linux-x64@0.1.4:
    optional: true

  bun-webgpu-win32-x64@0.1.4:
    optional: true

  bun-webgpu@0.1.4:
    dependencies:
      '@webgpu/types': 0.1.69
    optionalDependencies:
      bun-webgpu-darwin-arm64: 0.1.4
      bun-webgpu-darwin-x64: 0.1.4
      bun-webgpu-linux-x64: 0.1.4
      bun-webgpu-win32-x64: 0.1.4
    optional: true

  cluster-key-slot@1.1.2: {}

  cron-parser@4.9.0:
    dependencies:
      luxon: 3.7.2

  debug@4.4.3:
    dependencies:
      ms: 2.1.3

  denque@2.1.0: {}

  detect-libc@2.1.2:
    optional: true

  diff@8.0.2: {}

  dotenv@16.6.1: {}

  event-target-shim@5.0.1: {}

  events@3.3.0: {}

  exif-parser@0.1.12: {}

  file-type@16.5.4:
    dependencies:
      readable-web-to-node-stream: 3.0.4
      strtok3: 6.3.0
      token-types: 4.2.1

  gifwrap@0.10.1:
    dependencies:
      image-q: 4.0.0
      omggif: 1.0.10

  ieee754@1.2.1: {}

  image-q@4.0.0:
    dependencies:
      '@types/node': 16.9.1

  ioredis@5.9.2:
    dependencies:
      '@ioredis/commands': 1.5.0
      cluster-key-slot: 1.1.2
      debug: 4.4.3
      denque: 2.1.0
      lodash.defaults: 4.2.0
      lodash.isarguments: 3.1.0
      redis-errors: 1.2.0
      redis-parser: 3.0.0
      standard-as-callback: 2.1.0
    transitivePeerDependencies:
      - supports-color

  ioredis@5.9.3:
    dependencies:
      '@ioredis/commands': 1.5.0
      cluster-key-slot: 1.1.2
      debug: 4.4.3
      denque: 2.1.0
      lodash.defaults: 4.2.0
      lodash.isarguments: 3.1.0
      redis-errors: 1.2.0
      redis-parser: 3.0.0
      standard-as-callback: 2.1.0
    transitivePeerDependencies:
      - supports-color

  jimp@1.6.0:
    dependencies:
      '@jimp/core': 1.6.0
      '@jimp/diff': 1.6.0
      '@jimp/js-bmp': 1.6.0
      '@jimp/js-gif': 1.6.0
      '@jimp/js-jpeg': 1.6.0
      '@jimp/js-png': 1.6.0
      '@jimp/js-tiff': 1.6.0
      '@jimp/plugin-blit': 1.6.0
      '@jimp/plugin-blur': 1.6.0
      '@jimp/plugin-circle': 1.6.0
      '@jimp/plugin-color': 1.6.0
      '@jimp/plugin-contain': 1.6.0
      '@jimp/plugin-cover': 1.6.0
      '@jimp/plugin-crop': 1.6.0
      '@jimp/plugin-displace': 1.6.0
      '@jimp/plugin-dither': 1.6.0
      '@jimp/plugin-fisheye': 1.6.0
      '@jimp/plugin-flip': 1.6.0
      '@jimp/plugin-hash': 1.6.0
      '@jimp/plugin-mask': 1.6.0
      '@jimp/plugin-print': 1.6.0
      '@jimp/plugin-quantize': 1.6.0
      '@jimp/plugin-resize': 1.6.0
      '@jimp/plugin-rotate': 1.6.0
      '@jimp/plugin-threshold': 1.6.0
      '@jimp/types': 1.6.0
      '@jimp/utils': 1.6.0

  jpeg-js@0.4.4: {}

  lodash.defaults@4.2.0: {}

  lodash.isarguments@3.1.0: {}

  luxon@3.7.2: {}

  marked@17.0.1: {}

  mime@3.0.0: {}

  ms@2.1.3: {}

  msgpackr-extract@3.0.3:
    dependencies:
      node-gyp-build-optional-packages: 5.2.2
    optionalDependencies:
      '@msgpackr-extract/msgpackr-extract-darwin-arm64': 3.0.3
      '@msgpackr-extract/msgpackr-extract-darwin-x64': 3.0.3
      '@msgpackr-extract/msgpackr-extract-linux-arm': 3.0.3
      '@msgpackr-extract/msgpackr-extract-linux-arm64': 3.0.3
      '@msgpackr-extract/msgpackr-extract-linux-x64': 3.0.3
      '@msgpackr-extract/msgpackr-extract-win32-x64': 3.0.3
    optional: true

  msgpackr@1.11.5:
    optionalDependencies:
      msgpackr-extract: 3.0.3

  node-abort-controller@3.1.1: {}

  node-gyp-build-optional-packages@5.2.2:
    dependencies:
      detect-libc: 2.1.2
    optional: true

  omggif@1.0.10: {}

  oxfmt@0.27.0:
    dependencies:
      tinypool: 2.0.0
    optionalDependencies:
      '@oxfmt/darwin-arm64': 0.27.0
      '@oxfmt/darwin-x64': 0.27.0
      '@oxfmt/linux-arm64-gnu': 0.27.0
      '@oxfmt/linux-arm64-musl': 0.27.0
      '@oxfmt/linux-x64-gnu': 0.27.0
      '@oxfmt/linux-x64-musl': 0.27.0
      '@oxfmt/win32-arm64': 0.27.0
      '@oxfmt/win32-x64': 0.27.0

  oxlint@1.55.0:
    optionalDependencies:
      '@oxlint/binding-android-arm-eabi': 1.55.0
      '@oxlint/binding-android-arm64': 1.55.0
      '@oxlint/binding-darwin-arm64': 1.55.0
      '@oxlint/binding-darwin-x64': 1.55.0
      '@oxlint/binding-freebsd-x64': 1.55.0
      '@oxlint/binding-linux-arm-gnueabihf': 1.55.0
      '@oxlint/binding-linux-arm-musleabihf': 1.55.0
      '@oxlint/binding-linux-arm64-gnu': 1.55.0
      '@oxlint/binding-linux-arm64-musl': 1.55.0
      '@oxlint/binding-linux-ppc64-gnu': 1.55.0
      '@oxlint/binding-linux-riscv64-gnu': 1.55.0
      '@oxlint/binding-linux-riscv64-musl': 1.55.0
      '@oxlint/binding-linux-s390x-gnu': 1.55.0
      '@oxlint/binding-linux-x64-gnu': 1.55.0
      '@oxlint/binding-linux-x64-musl': 1.55.0
      '@oxlint/binding-openharmony-arm64': 1.55.0
      '@oxlint/binding-win32-arm64-msvc': 1.55.0
      '@oxlint/binding-win32-ia32-msvc': 1.55.0
      '@oxlint/binding-win32-x64-msvc': 1.55.0

  pako@1.0.11: {}

  parse-bmfont-ascii@1.0.6: {}

  parse-bmfont-binary@1.0.6: {}

  parse-bmfont-xml@1.1.6:
    dependencies:
      xml-parse-from-string: 1.0.1
      xml2js: 0.5.0

  peek-readable@4.1.0: {}

  pixelmatch@5.3.0:
    dependencies:
      pngjs: 6.0.0

  planck@1.4.2(stage-js@1.0.0-alpha.17):
    dependencies:
      stage-js: 1.0.0-alpha.17
    optional: true

  pngjs@6.0.0: {}

  pngjs@7.0.0: {}

  process@0.11.10: {}

  readable-stream@4.7.0:
    dependencies:
      abort-controller: 3.0.0
      buffer: 6.0.3
      events: 3.3.0
      process: 0.11.10
      string_decoder: 1.3.0

  readable-web-to-node-stream@3.0.4:
    dependencies:
      readable-stream: 4.7.0

  redis-errors@1.2.0: {}

  redis-parser@3.0.0:
    dependencies:
      redis-errors: 1.2.0

  safe-buffer@5.2.1: {}

  sax@1.4.4: {}

  semver@7.7.4: {}

  simple-xml-to-json@1.2.3: {}

  stage-js@1.0.0-alpha.17:
    optional: true

  standard-as-callback@2.1.0: {}

  string_decoder@1.3.0:
    dependencies:
      safe-buffer: 5.2.1

  strtok3@6.3.0:
    dependencies:
      '@tokenizer/token': 0.3.0
      peek-readable: 4.1.0

  three@0.177.0:
    optional: true

  tinycolor2@1.6.0: {}

  tinypool@2.0.0: {}

  token-types@4.2.1:
    dependencies:
      '@tokenizer/token': 0.3.0
      ieee754: 1.2.1

  tslib@2.8.1: {}

  typescript@5.9.3: {}

  undici-types@6.21.0: {}

  utif2@4.1.0:
    dependencies:
      pako: 1.0.11

  uuid@11.1.0: {}

  web-tree-sitter@0.25.10: {}

  xml-parse-from-string@1.0.1: {}

  xml2js@0.5.0:
    dependencies:
      sax: 1.4.4
      xmlbuilder: 11.0.1

  xmlbuilder@11.0.1: {}

  yoga-layout@3.2.1: {}

  zod@3.25.76: {}
